
Microsoft Visual Studio Solution File, Format Version 12.00
# Visual Studio 15
VisualStudioVersion = 15.0.28307.438
MinimumVisualStudioVersion = 10.0.40219.1
Project("{FAE04EC0-301F-11D3-BF4B-00C04F79EFBC}") = "UserInterface", "UserInterface\UserInterface.csproj", "{3A26706A-D398-4797-8F30-04D5BADEB4ED}"
EndProject
Project("{FAE04EC0-301F-11D3-BF4B-00C04F79EFBC}") = "WindowsService", "WindowsService\WindowsService.csproj", "{EBCB61CA-D400-4C38-BF76-2B5849582D01}"
EndProject
Project("{FAE04EC0-301F-11D3-BF4B-00C04F79EFBC}") = "UnitTests", "UnitTests\UnitTests.csproj", "{97E2B3B4-44A1-4E3B-8D18-2512D9DB560F}"
EndProject
Global
	GlobalSection(SolutionConfigurationPlatforms) = preSolution
		Debug|Any CPU = Debug|Any CPU
		Release|Any CPU = Release|Any CPU
	EndGlobalSection
	GlobalSection(ProjectConfigurationPlatforms) = postSolution
		{3A26706A-D398-4797-8F30-04D5BADEB4ED}.Debug|Any CPU.ActiveCfg = Debug|Any CPU
		{3A26706A-D398-4797-8F30-04D5BADEB4ED}.Debug|Any CPU.Build.0 = Debug|Any CPU
		{3A26706A-D398-4797-8F30-04D5BADEB4ED}.Release|Any CPU.ActiveCfg = Release|Any CPU
		{3A26706A-D398-4797-8F30-04D5BADEB4ED}.Release|Any CPU.Build.0 = Release|Any CPU
		{EBCB61CA-D400-4C38-BF76-2B5849582D01}.Debug|Any CPU.ActiveCfg = Debug|Any CPU
		{EBCB61CA-D400-4C38-BF76-2B5849582D01}.Debug|Any CPU.Build.0 = Debug|Any CPU
		{EBCB61CA-D400-4C38-BF76-2B5849582D01}.Release|Any CPU.ActiveCfg = Release|Any CPU
		{EBCB61CA-D400-4C38-BF76-2B5849582D01}.Release|Any CPU.Build.0 = Release|Any CPU
		{97E2B3B4-44A1-4E3B-8D18-2512D9DB560F}.Debug|Any CPU.ActiveCfg = Debug|Any CPU
		{97E2B3B4-44A1-4E3B-8D18-2512D9DB560F}.Debug|Any CPU.Build.0 = Debug|Any CPU
		{97E2B3B4-44A1-4E3B-8D18-2512D9DB560F}.Release|Any CPU.ActiveCfg = Release|Any CPU
		{97E2B3B4-44A1-4E3B-8D18-2512D9DB560F}.Release|Any CPU.Build.0 = Release|Any CPU
	EndGlobalSection
	GlobalSection(SolutionProperties) = preSolution
		HideSolutionNode = FALSE
	EndGlobalSection
	GlobalSection(ExtensibilityGlobals) = postSolution
		SolutionGuid = {809E9419-736C-4B2E-8DDE-B0EA65365CE2}
	EndGlobalSection
EndGlobal
